dependencies:
- name: redis
  repository: oci://harbor-repo.vmware.com/vac_vmware_it/charts/photon-4
  version: 18.17.4
- name: kafka
  repository: oci://harbor-repo.vmware.com/vac_vmware_it/charts/photon-4
  version: 26.11.6
- name: clickhouse
  repository: oci://registry-1.docker.io/bitnamicharts
  version: 5.2.3
- name: rabbitmq
  repository: oci://registry-1.docker.io/bitnamicharts
  version: 12.14.0
- name: postgresql
  repository: oci://registry-1.docker.io/bitnamicharts
  version: 14.2.4
- name: nginx
  repository: oci://registry-1.docker.io/bitnamicharts
  version: 15.12.2
digest: sha256:92cb2c6cce89a7f1c1d5a8def9b1390a7267a931d7613d623104f97f1c749385
generated: "2024-03-04T13:34:53.749552+01:00"
