dependencies:
- name: redis
  repository: oci://harbor-repo.vmware.com/vac_vmware_it/charts/photon-4
  version: 18.17.4
- name: kafka
  repository: oci://harbor-repo.vmware.com/vac_vmware_it/charts/photon-4
  version: 26.11.6
- name: clickhouse
  repository: oci://registry-1.docker.io/bitnamicharts
  version: 5.2.3
- name: rabbitmq
  repository: oci://registry-1.docker.io/bitnamicharts
  version: 12.14.0
- name: postgresql
  repository: oci://harbor-repo.vmware.com/vac_vmware_it/charts/photon-4
  version: 14.2.6
- name: nginx
  repository: oci://registry-1.docker.io/bitnamicharts
  version: 15.12.2
digest: sha256:363801303e40c3fd451a285750168c36489dc82e0838581e5004615153950fbe
generated: "2024-03-04T17:41:41.110372+01:00"
